// !$*UTF8*$!
{
	archiveVersion = 1;
	classes = {
	};
	objectVersion = 46;
	objects = {

/* Begin PBXBuildFile section */
		A51606561E4EE6CC00244D26 /* AppDelegate.swift in Sources */ = {isa = PBXBuildFile; fileRef = A51606551E4EE6CC00244D26 /* AppDelegate.swift */; };
		A51606581E4EE6CC00244D26 /* ViewController.swift in Sources */ = {isa = PBXBuildFile; fileRef = A51606571E4EE6CC00244D26 /* ViewController.swift */; };
		A516065B1E4EE6CC00244D26 /* Main.storyboard in Resources */ = {isa = PBXBuildFile; fileRef = A51606591E4EE6CC00244D26 /* Main.storyboard */; };
		A516065D1E4EE6CC00244D26 /* Assets.xcassets in Resources */ = {isa = PBXBuildFile; fileRef = A516065C1E4EE6CC00244D26 /* Assets.xcassets */; };
		A51606601E4EE6CC00244D26 /* LaunchScreen.storyboard in Resources */ = {isa = PBXBuildFile; fileRef = A516065E1E4EE6CC00244D26 /* LaunchScreen.storyboard */; };
/* End PBXBuildFile section */

/* Begin PBXFileReference section */
		A51606521E4EE6CC00244D26 /* FlickrSearch.app */ = {isa = PBXFileReference; explicitFileType = wrapper.application; includeInIndex = 0; path = FlickrSearch.app; sourceTree = BUILT_PRODUCTS_DIR; };
		A51606551E4EE6CC00244D26 /* AppDelegate.swift */ = {isa = PBXFileReference; lastKnownFileType = sourcecode.swift; path = AppDelegate.swift; sourceTree = "<group>"; };
		A51606571E4EE6CC00244D26 /* ViewController.swift */ = {isa = PBXFileReference; lastKnownFileType = sourcecode.swift; path = ViewController.swift; sourceTree = "<group>"; };
		A516065A1E4EE6CC00244D26 /* Base */ = {isa = PBXFileReference; lastKnownFileType = file.storyboard; name = Base; path = Base.lproj/Main.storyboard; sourceTree = "<group>"; };
		A516065C1E4EE6CC00244D26 /* Assets.xcassets */ = {isa = PBXFileReference; lastKnownFileType = folder.assetcatalog; path = Assets.xcassets; sourceTree = "<group>"; };
		A516065F1E4EE6CC00244D26 /* Base */ = {isa = PBXFileReference; lastKnownFileType = file.storyboard; name = Base; path = Base.lproj/LaunchScreen.storyboard; sourceTree = "<group>"; };
		A51606611E4EE6CC00244D26 /* Info.plist */ = {isa = PBXFileReference; lastKnownFileType = text.plist.xml; path = Info.plist; sourceTree = "<group>"; };
/* End PBXFileReference section */

/* Begin PBXFrameworksBuildPhase section */
		A516064F1E4EE6CC00244D26 /* Frameworks */ = {
			isa = PBXFrameworksBuildPhase;
			buildActionMask = 2147483647;
			files = (
			);
			runOnlyForDeploymentPostprocessing = 0;
		};
/* End PBXFrameworksBuildPhase section */

/* Begin PBXGroup section */
		A51606491E4EE6CC00244D26 = {
			isa = PBXGroup;
			children = (
				A51606541E4EE6CC00244D26 /* FlickrSearch */,
				A51606531E4EE6CC00244D26 /* Products */,
			);
			sourceTree = "<group>";
		};
		A51606531E4EE6CC00244D26 /* Products */ = {
			isa = PBXGroup;
			children = (
				A51606521E4EE6CC00244D26 /* FlickrSearch.app */,
			);
			name = Products;
			sourceTree = "<group>";
		};
		A51606541E4EE6CC00244D26 /* FlickrSearch */ = {
			isa = PBXGroup;
			children = (
				A51606551E4EE6CC00244D26 /* AppDelegate.swift */,
				A51606571E4EE6CC00244D26 /* ViewController.swift */,
				A51606591E4EE6CC00244D26 /* Main.storyboard */,
				A516065C1E4EE6CC00244D26 /* Assets.xcassets */,
				A516065E1E4EE6CC00244D26 /* LaunchScreen.storyboard */,
				A51606611E4EE6CC00244D26 /* Info.plist */,
			);
			path = FlickrSearch;
			sourceTree = "<group>";
		};
/* End PBXGroup section */

/* Begin PBXNativeTarget section */
		A51606511E4EE6CC00244D26 /* FlickrSearch */ = {
			isa = PBXNativeTarget;
			buildConfigurationList = A51606641E4EE6CC00244D26 /* Build configuration list for PBXNativeTarget "FlickrSearch" */;
			buildPhases = (
				A516064E1E4EE6CC00244D26 /* Sources */,
				A516064F1E4EE6CC00244D26 /* Frameworks */,
				A51606501E4EE6CC00244D26 /* Resources */,
			);
			buildRules = (
			);
			dependencies = (
			);
			name = FlickrSearch;
			productName = FlickrSearch;
			productReference = A51606521E4EE6CC00244D26 /* FlickrSearch.app */;
			productType = "com.apple.product-type.application";
		};
/* End PBXNativeTarget section */

/* Begin PBXProject section */
		A516064A1E4EE6CC00244D26 /* Project object */ = {
			isa = PBXProject;
			attributes = {
				LastSwiftUpdateCheck = 0820;
				LastUpgradeCheck = 0820;
				ORGANIZATIONNAME = "Masher Shin";
				TargetAttributes = {
					A51606511E4EE6CC00244D26 = {
						CreatedOnToolsVersion = 8.2.1;
						ProvisioningStyle = Automatic;
					};
				};
			};
			buildConfigurationList = A516064D1E4EE6CC00244D26 /* Build configuration list for PBXProject "FlickrSearch" */;
			compatibilityVersion = "Xcode 3.2";
			developmentRegion = English;
			hasScannedForEncodings = 0;
			knownRegions = (
				en,
				Base,
			);
			mainGroup = A51606491E4EE6CC00244D26;
			productRefGroup = A51606531E4EE6CC00244D26 /* Products */;
			projectDirPath = "";
			projectRoot = "";
			targets = (
				A51606511E4EE6CC00244D26 /* FlickrSearch */,
			);
		};
/* End PBXProject section */

/* Begin PBXResourcesBuildPhase section */
		A51606501E4EE6CC00244D26 /* Resources */ = {
			isa = PBXResourcesBuildPhase;
			buildActionMask = 2147483647;
			files = (
				A51606601E4EE6CC00244D26 /* LaunchScreen.storyboard in Resources */,
				A516065D1E4EE6CC00244D26 /* Assets.xcassets in Resources */,
				A516065B1E4EE6CC00244D26 /* Main.storyboard in Resources */,
			);
			runOnlyForDeploymentPostprocessing = 0;
		};
/* End PBXResourcesBuildPhase section */

/* Begin PBXSourcesBuildPhase section */
		A516064E1E4EE6CC00244D26 /* Sources */ = {
			isa = PBXSourcesBuildPhase;
			buildActionMask = 2147483647;
			files = (
				A51606581E4EE6CC00244D26 /* ViewController.swift in Sources */,
				A51606561E4EE6CC00244D26 /* AppDelegate.swift in Sources */,
			);
			runOnlyForDeploymentPostprocessing = 0;
		};
/* End PBXSourcesBuildPhase section */

/* Begin PBXVariantGroup section */
		A51606591E4EE6CC00244D26 /* Main.storyboard */ = {
			isa = PBXVariantGroup;
			children = (
				A516065A1E4EE6CC00244D26 /* Base */,
			);
			name = Main.storyboard;
			sourceTree = "<group>";
		};
		A516065E1E4EE6CC00244D26 /* LaunchScreen.storyboard */ = {
			isa = PBXVariantGroup;
			children = (
				A516065F1E4EE6CC00244D26 /* Base */,
			);
			name = LaunchScreen.storyboard;
			sourceTree = "<group>";
		};
/* End PBXVariantGroup section */

/* Begin XCBuildConfiguration section */
		A51606621E4EE6CC00244D26 /* Debug */ = {
			isa = XCBuildConfiguration;
			buildSettings = {
				ALWAYS_SEARCH_USER_PATHS = NO;
				CLANG_ANALYZER_NONNULL = YES;
				CLANG_CXX_LANGUAGE_STANDARD = "gnu++0x";
				CLANG_CXX_LIBRARY = "libc++";
				CLANG_ENABLE_MODULES = YES;
				CLANG_ENABLE_OBJC_ARC = YES;
				CLANG_WARN_BOOL_CONVERSION = YES;
				CLANG_WARN_CONSTANT_CONVERSION = YES;
				CLANG_WARN_DIRECT_OBJC_ISA_USAGE = YES_ERROR;
				CLANG_WARN_DOCUMENTATION_COMMENTS = YES;
				CLANG_WARN_EMPTY_BODY = YES;
				CLANG_WARN_ENUM_CONVERSION = YES;
				CLANG_WARN_INFINITE_RECURSION = YES;
				CLANG_WARN_INT_CONVERSION = YES;
				CLANG_WARN_OBJC_ROOT_CLASS = YES_ERROR;
				CLANG_WARN_SUSPICIOUS_MOVE = YES;
				CLANG_WARN_UNREACHABLE_CODE = YES;
				CLANG_WARN__DUPLICATE_METHOD_MATCH = YES;
				"CODE_SIGN_IDENTITY[sdk=iphoneos*]" = "iPhone Developer";
				COPY_PHASE_STRIP = NO;
				DEBUG_INFORMATION_FORMAT = dwarf;
				ENABLE_STRICT_OBJC_MSGSEND = YES;
				ENABLE_TESTABILITY = YES;
				GCC_C_LANGUAGE_STANDARD = gnu99;
				GCC_DYNAMIC_NO_PIC = NO;
				GCC_NO_COMMON_BLOCKS = YES;
				GCC_OPTIMIZATION_LEVEL = 0;
				GCC_PREPROCESSOR_DEFINITIONS = (
					"DEBUG=1",
					"$(inherited)",
				);
				GCC_WARN_64_TO_32_BIT_CONVERSION = YES;
				GCC_WARN_ABOUT_RETURN_TYPE = YES_ERROR;
				GCC_WARN_UNDECLARED_SELECTOR = YES;
				GCC_WARN_UNINITIALIZED_AUTOS = YES_AGGRESSIVE;
				GCC_WARN_UNUSED_FUNCTION = YES;
				GCC_WARN_UNUSED_VARIABLE = YES;
				IPHONEOS_DEPLOYMENT_TARGET = 10.2;
				MTL_ENABLE_DEBUG_INFO = YES;
				ONLY_ACTIVE_ARCH = YES;
				SDKROOT = iphoneos;
				SWIFT_ACTIVE_COMPILATION_CONDITIONS = DEBUG;
				SWIFT_OPTIMIZATION_LEVEL = "-Onone";
				TARGETED_DEVICE_FAMILY = 2;
			};
			name = Debug;
		};
		A51606631E4EE6CC00244D26 /* Release */ = {
			isa = XCBuildConfiguration;
			buildSettings = {
				ALWAYS_SEARCH_USER_PATHS = NO;
				CLANG_ANALYZER_NONNULL = YES;
				CLANG_CXX_LANGUAGE_STANDARD = "gnu++0x";
				CLANG_CXX_LIBRARY = "libc++";
				CLANG_ENABLE_MODULES = YES;
				CLANG_ENABLE_OBJC_ARC = YES;
				CLANG_WARN_BOOL_CONVERSION = YES;
				CLANG_WARN_CONSTANT_CONVERSION = YES;
				CLANG_WARN_DIRECT_OBJC_ISA_USAGE = YES_ERROR;
				CLANG_WARN_DOCUMENTATION_COMMENTS = YES;
				CLANG_WARN_EMPTY_BODY = YES;
				CLANG_WARN_ENUM_CONVERSION = YES;
				CLANG_WARN_INFINITE_RECURSION = YES;
				CLANG_WARN_INT_CONVERSION = YES;
				CLANG_WARN_OBJC_ROOT_CLASS = YES_ERROR;
				CLANG_WARN_SUSPICIOUS_MOVE = YES;
				CLANG_WARN_UNREACHABLE_CODE = YES;
				CLANG_WARN__DUPLICATE_METHOD_MATCH = YES;
				"CODE_SIGN_IDENTITY[sdk=iphoneos*]" = "iPhone Developer";
				COPY_PHASE_STRIP = NO;
				DEBUG_INFORMATION_FORMAT = "dwarf-with-dsym";
				ENABLE_NS_ASSERTIONS = NO;
				ENABLE_STRICT_OBJC_MSGSEND = YES;
				GCC_C_LANGUAGE_STANDARD = gnu99;
				GCC_NO_COMMON_BLOCKS = YES;
				GCC_WARN_64_TO_32_BIT_CONVERSION = YES;
				GCC_WARN_ABOUT_RETURN_TYPE = YES_ERROR;
				GCC_WARN_UNDECLARED_SELECTOR = YES;
				GCC_WARN_UNINITIALIZED_AUTOS = YES_AGGRESSIVE;
				GCC_WARN_UNUSED_FUNCTION = YES;
				GCC_WARN_UNUSED_VARIABLE = YES;
				IPHONEOS_DEPLOYMENT_TARGET = 10.2;
				MTL_ENABLE_DEBUG_INFO = NO;
				SDKROOT = iphoneos;
				SWIFT_OPTIMIZATION_LEVEL = "-Owholemodule";
				TARGETED_DEVICE_FAMILY = 2;
				VALIDATE_PRODUCT = YES;
			};
			name = Release;
		};
		A51606651E4EE6CC00244D26 /* Debug */ = {
			isa = XCBuildConfiguration;
			buildSettings = {
				ASSETCATALOG_COMPILER_APPICON_NAME = AppIcon;
				INFOPLIST_FILE = FlickrSearch/Info.plist;
				LD_RUNPATH_SEARCH_PATHS = "$(inherited) @executable_path/Frameworks";
				PRODUCT_BUNDLE_IDENTIFIER = com.rgpkorea.FlickrSearch;
				PRODUCT_NAME = "$(TARGET_NAME)";
				SWIFT_VERSION = 3.0;
			};
			name = Debug;
		};
		A51606661E4EE6CC00244D26 /* Release */ = {
			isa = XCBuildConfiguration;
			buildSettings = {
				ASSETCATALOG_COMPILER_APPICON_NAME = AppIcon;
				INFOPLIST_FILE = FlickrSearch/Info.plist;
				LD_RUNPATH_SEARCH_PATHS = "$(inherited) @executable_path/Frameworks";
				PRODUCT_BUNDLE_IDENTIFIER = com.rgpkorea.FlickrSearch;
				PRODUCT_NAME = "$(TARGET_NAME)";
				SWIFT_VERSION = 3.0;
			};
			name = Release;
		};
/* End XCBuildConfiguration section */

/* Begin XCConfigurationList section */
		A516064D1E4EE6CC00244D26 /* Build configuration list for PBXProject "FlickrSearch" */ = {
			isa = XCConfigurationList;
			buildConfigurations = (
				A51606621E4EE6CC00244D26 /* Debug */,
				A51606631E4EE6CC00244D26 /* Release */,
			);
			defaultConfigurationIsVisible = 0;
			defaultConfigurationName = Release;
		};
		A51606641E4EE6CC00244D26 /* Build configuration list for PBXNativeTarget "FlickrSearch" */ = {
			isa = XCConfigurationList;
			buildConfigurations = (
				A51606651E4EE6CC00244D26 /* Debug */,
				A51606661E4EE6CC00244D26 /* Release */,
			);
			defaultConfigurationIsVisible = 0;
		};
/* End XCConfigurationList section */
	};
	rootObject = A516064A1E4EE6CC00244D26 /* Project object */;
}
